
Microsoft Visual Studio Solution File, Format Version 12.00
# Visual Studio Version 17
VisualStudioVersion = 17.7.34024.191
MinimumVisualStudioVersion = 10.0.40219.1
Project("{FAE04EC0-301F-11D3-BF4B-00C04F79EFBC}") = "Warehouse", "Warehouse\Warehouse.csproj", "{358C885D-6351-49DD-85F4-A45C6E587EB9}"
EndProject
Global
	GlobalSection(SolutionConfigurationPlatforms) = preSolution
		Debug|Any CPU = Debug|Any CPU
		Release|Any CPU = Release|Any CPU
	EndGlobalSection
	GlobalSection(ProjectConfigurationPlatforms) = postSolution
		{358C885D-6351-49DD-85F4-A45C6E587EB9}.Debug|Any CPU.ActiveCfg = Debug|Any CPU
		{358C885D-6351-49DD-85F4-A45C6E587EB9}.Debug|Any CPU.Build.0 = Debug|Any CPU
		{358C885D-6351-49DD-85F4-A45C6E587EB9}.Release|Any CPU.ActiveCfg = Release|Any CPU
		{358C885D-6351-49DD-85F4-A45C6E587EB9}.Release|Any CPU.Build.0 = Release|Any CPU
	EndGlobalSection
	GlobalSection(SolutionProperties) = preSolution
		HideSolutionNode = FALSE
	EndGlobalSection
	GlobalSection(ExtensibilityGlobals) = postSolution
		SolutionGuid = {A7466E28-48D9-4D2E-80FA-8DA90E438895}
	EndGlobalSection
EndGlobal
